
Microsoft Visual Studio Solution File, Format Version 12.00
# Visual Studio Version 16
VisualStudioVersion = 16.0.29424.173
MinimumVisualStudioVersion = 10.0.40219.1
Project("{FAE04EC0-301F-11D3-BF4B-00C04F79EFBC}") = "GodsAmongSheep.Android", "GodsAmongSheep\GodsAmongSheep.Android\GodsAmongSheep.Android.csproj", "{3AEDDD6D-3106-4F0C-83F5-9A8D3F5BAA2B}"
EndProject
Project("{FAE04EC0-301F-11D3-BF4B-00C04F79EFBC}") = "GodsAmongSheep.iOS", "GodsAmongSheep\GodsAmongSheep.iOS\GodsAmongSheep.iOS.csproj", "{941AA4FE-3240-4BF3-8D5B-3B76D9B54B11}"
EndProject
Project("{9A19103F-16F7-4668-BE54-9A1E7A4F7556}") = "GodsAmongSheep", "GodsAmongSheep\GodsAmongSheep\GodsAmongSheep.csproj", "{17FBC5A2-506E-461D-8472-739AAF350C39}"
EndProject
Project("{9A19103F-16F7-4668-BE54-9A1E7A4F7556}") = "GodsAmongSheep.Shared", "GodsAmongSheep\GodsAmongSheep.Shared\GodsAmongSheep.Shared.csproj", "{6C2864BB-55D3-4FC8-94DD-84176328B653}"
EndProject
Project("{FAE04EC0-301F-11D3-BF4B-00C04F79EFBC}") = "GasXamChat", "GasXamChat\GasXamChat.csproj", "{834C2BF9-27A2-475D-9DAF-5FD5ACC5D979}"
EndProject
Global
	GlobalSection(SolutionConfigurationPlatforms) = preSolution
		Debug|Any CPU = Debug|Any CPU
		Debug|iPhone = Debug|iPhone
		Debug|iPhoneSimulator = Debug|iPhoneSimulator
		Release|Any CPU = Release|Any CPU
		Release|iPhone = Release|iPhone
		Release|iPhoneSimulator = Release|iPhoneSimulator
	EndGlobalSection
	GlobalSection(ProjectConfigurationPlatforms) = postSolution
		{3AEDDD6D-3106-4F0C-83F5-9A8D3F5BAA2B}.Debug|Any CPU.ActiveCfg = Debug|Any CPU
		{3AEDDD6D-3106-4F0C-83F5-9A8D3F5BAA2B}.Debug|Any CPU.Build.0 = Debug|Any CPU
		{3AEDDD6D-3106-4F0C-83F5-9A8D3F5BAA2B}.Debug|Any CPU.Deploy.0 = Debug|Any CPU
		{3AEDDD6D-3106-4F0C-83F5-9A8D3F5BAA2B}.Debug|iPhone.ActiveCfg = Debug|Any CPU
		{3AEDDD6D-3106-4F0C-83F5-9A8D3F5BAA2B}.Debug|iPhone.Build.0 = Debug|Any CPU
		{3AEDDD6D-3106-4F0C-83F5-9A8D3F5BAA2B}.Debug|iPhone.Deploy.0 = Debug|Any CPU
		{3AEDDD6D-3106-4F0C-83F5-9A8D3F5BAA2B}.Debug|iPhoneSimulator.ActiveCfg = Debug|Any CPU
		{3AEDDD6D-3106-4F0C-83F5-9A8D3F5BAA2B}.Debug|iPhoneSimulator.Build.0 = Debug|Any CPU
		{3AEDDD6D-3106-4F0C-83F5-9A8D3F5BAA2B}.Debug|iPhoneSimulator.Deploy.0 = Debug|Any CPU
		{3AEDDD6D-3106-4F0C-83F5-9A8D3F5BAA2B}.Release|Any CPU.ActiveCfg = Release|Any CPU
		{3AEDDD6D-3106-4F0C-83F5-9A8D3F5BAA2B}.Release|Any CPU.Build.0 = Release|Any CPU
		{3AEDDD6D-3106-4F0C-83F5-9A8D3F5BAA2B}.Release|Any CPU.Deploy.0 = Release|Any CPU
		{3AEDDD6D-3106-4F0C-83F5-9A8D3F5BAA2B}.Release|iPhone.ActiveCfg = Release|Any CPU
		{3AEDDD6D-3106-4F0C-83F5-9A8D3F5BAA2B}.Release|iPhone.Build.0 = Release|Any CPU
		{3AEDDD6D-3106-4F0C-83F5-9A8D3F5BAA2B}.Release|iPhone.Deploy.0 = Release|Any CPU
		{3AEDDD6D-3106-4F0C-83F5-9A8D3F5BAA2B}.Release|iPhoneSimulator.ActiveCfg = Release|Any CPU
		{3AEDDD6D-3106-4F0C-83F5-9A8D3F5BAA2B}.Release|iPhoneSimulator.Build.0 = Release|Any CPU
		{3AEDDD6D-3106-4F0C-83F5-9A8D3F5BAA2B}.Release|iPhoneSimulator.Deploy.0 = Release|Any CPU
		{941AA4FE-3240-4BF3-8D5B-3B76D9B54B11}.Debug|Any CPU.ActiveCfg = Debug|iPhoneSimulator
		{941AA4FE-3240-4BF3-8D5B-3B76D9B54B11}.Debug|Any CPU.Build.0 = Debug|iPhoneSimulator
		{941AA4FE-3240-4BF3-8D5B-3B76D9B54B11}.Debug|Any CPU.Deploy.0 = Debug|iPhoneSimulator
		{941AA4FE-3240-4BF3-8D5B-3B76D9B54B11}.Debug|iPhone.ActiveCfg = Debug|iPhone
		{941AA4FE-3240-4BF3-8D5B-3B76D9B54B11}.Debug|iPhone.Build.0 = Debug|iPhone
		{941AA4FE-3240-4BF3-8D5B-3B76D9B54B11}.Debug|iPhone.Deploy.0 = Debug|iPhone
		{941AA4FE-3240-4BF3-8D5B-3B76D9B54B11}.Debug|iPhoneSimulator.ActiveCfg = Debug|iPhoneSimulator
		{941AA4FE-3240-4BF3-8D5B-3B76D9B54B11}.Debug|iPhoneSimulator.Build.0 = Debug|iPhoneSimulator
		{941AA4FE-3240-4BF3-8D5B-3B76D9B54B11}.Debug|iPhoneSimulator.Deploy.0 = Debug|iPhoneSimulator
		{941AA4FE-3240-4BF3-8D5B-3B76D9B54B11}.Release|Any CPU.ActiveCfg = Release|iPhone
		{941AA4FE-3240-4BF3-8D5B-3B76D9B54B11}.Release|Any CPU.Build.0 = Release|iPhone
		{941AA4FE-3240-4BF3-8D5B-3B76D9B54B11}.Release|Any CPU.Deploy.0 = Release|iPhone
		{941AA4FE-3240-4BF3-8D5B-3B76D9B54B11}.Release|iPhone.ActiveCfg = Release|iPhone
		{941AA4FE-3240-4BF3-8D5B-3B76D9B54B11}.Release|iPhone.Build.0 = Release|iPhone
		{941AA4FE-3240-4BF3-8D5B-3B76D9B54B11}.Release|iPhone.Deploy.0 = Release|iPhone
		{941AA4FE-3240-4BF3-8D5B-3B76D9B54B11}.Release|iPhoneSimulator.ActiveCfg = Release|iPhoneSimulator
		{941AA4FE-3240-4BF3-8D5B-3B76D9B54B11}.Release|iPhoneSimulator.Build.0 = Release|iPhoneSimulator
		{941AA4FE-3240-4BF3-8D5B-3B76D9B54B11}.Release|iPhoneSimulator.Deploy.0 = Release|iPhoneSimulator
		{17FBC5A2-506E-461D-8472-739AAF350C39}.Debug|Any CPU.ActiveCfg = Debug|Any CPU
		{17FBC5A2-506E-461D-8472-739AAF350C39}.Debug|Any CPU.Build.0 = Debug|Any CPU
		{17FBC5A2-506E-461D-8472-739AAF350C39}.Debug|Any CPU.Deploy.0 = Debug|Any CPU
		{17FBC5A2-506E-461D-8472-739AAF350C39}.Debug|iPhone.ActiveCfg = Debug|Any CPU
		{17FBC5A2-506E-461D-8472-739AAF350C39}.Debug|iPhone.Build.0 = Debug|Any CPU
		{17FBC5A2-506E-461D-8472-739AAF350C39}.Debug|iPhone.Deploy.0 = Debug|Any CPU
		{17FBC5A2-506E-461D-8472-739AAF350C39}.Debug|iPhoneSimulator.ActiveCfg = Debug|Any CPU
		{17FBC5A2-506E-461D-8472-739AAF350C39}.Debug|iPhoneSimulator.Build.0 = Debug|Any CPU
		{17FBC5A2-506E-461D-8472-739AAF350C39}.Debug|iPhoneSimulator.Deploy.0 = Debug|Any CPU
		{17FBC5A2-506E-461D-8472-739AAF350C39}.Release|Any CPU.ActiveCfg = Release|Any CPU
		{17FBC5A2-506E-461D-8472-739AAF350C39}.Release|Any CPU.Build.0 = Release|Any CPU
		{17FBC5A2-506E-461D-8472-739AAF350C39}.Release|Any CPU.Deploy.0 = Release|Any CPU
		{17FBC5A2-506E-461D-8472-739AAF350C39}.Release|iPhone.ActiveCfg = Release|Any CPU
		{17FBC5A2-506E-461D-8472-739AAF350C39}.Release|iPhone.Build.0 = Release|Any CPU
		{17FBC5A2-506E-461D-8472-739AAF350C39}.Release|iPhone.Deploy.0 = Release|Any CPU
		{17FBC5A2-506E-461D-8472-739AAF350C39}.Release|iPhoneSimulator.ActiveCfg = Release|Any CPU
		{17FBC5A2-506E-461D-8472-739AAF350C39}.Release|iPhoneSimulator.Build.0 = Release|Any CPU
		{17FBC5A2-506E-461D-8472-739AAF350C39}.Release|iPhoneSimulator.Deploy.0 = Release|Any CPU
		{6C2864BB-55D3-4FC8-94DD-84176328B653}.Debug|Any CPU.ActiveCfg = Debug|Any CPU
		{6C2864BB-55D3-4FC8-94DD-84176328B653}.Debug|Any CPU.Build.0 = Debug|Any CPU
		{6C2864BB-55D3-4FC8-94DD-84176328B653}.Debug|iPhone.ActiveCfg = Debug|Any CPU
		{6C2864BB-55D3-4FC8-94DD-84176328B653}.Debug|iPhone.Build.0 = Debug|Any CPU
		{6C2864BB-55D3-4FC8-94DD-84176328B653}.Debug|iPhoneSimulator.ActiveCfg = Debug|Any CPU
		{6C2864BB-55D3-4FC8-94DD-84176328B653}.Debug|iPhoneSimulator.Build.0 = Debug|Any CPU
		{6C2864BB-55D3-4FC8-94DD-84176328B653}.Release|Any CPU.ActiveCfg = Release|Any CPU
		{6C2864BB-55D3-4FC8-94DD-84176328B653}.Release|Any CPU.Build.0 = Release|Any CPU
		{6C2864BB-55D3-4FC8-94DD-84176328B653}.Release|iPhone.ActiveCfg = Release|Any CPU
		{6C2864BB-55D3-4FC8-94DD-84176328B653}.Release|iPhone.Build.0 = Release|Any CPU
		{6C2864BB-55D3-4FC8-94DD-84176328B653}.Release|iPhoneSimulator.ActiveCfg = Release|Any CPU
		{6C2864BB-55D3-4FC8-94DD-84176328B653}.Release|iPhoneSimulator.Build.0 = Release|Any CPU
		{834C2BF9-27A2-475D-9DAF-5FD5ACC5D979}.Debug|Any CPU.ActiveCfg = Debug|Any CPU
		{834C2BF9-27A2-475D-9DAF-5FD5ACC5D979}.Debug|Any CPU.Build.0 = Debug|Any CPU
		{834C2BF9-27A2-475D-9DAF-5FD5ACC5D979}.Debug|iPhone.ActiveCfg = Debug|Any CPU
		{834C2BF9-27A2-475D-9DAF-5FD5ACC5D979}.Debug|iPhone.Build.0 = Debug|Any CPU
		{834C2BF9-27A2-475D-9DAF-5FD5ACC5D979}.Debug|iPhoneSimulator.ActiveCfg = Debug|Any CPU
		{834C2BF9-27A2-475D-9DAF-5FD5ACC5D979}.Debug|iPhoneSimulator.Build.0 = Debug|Any CPU
		{834C2BF9-27A2-475D-9DAF-5FD5ACC5D979}.Release|Any CPU.ActiveCfg = Release|Any CPU
		{834C2BF9-27A2-475D-9DAF-5FD5ACC5D979}.Release|Any CPU.Build.0 = Release|Any CPU
		{834C2BF9-27A2-475D-9DAF-5FD5ACC5D979}.Release|iPhone.ActiveCfg = Release|Any CPU
		{834C2BF9-27A2-475D-9DAF-5FD5ACC5D979}.Release|iPhone.Build.0 = Release|Any CPU
		{834C2BF9-27A2-475D-9DAF-5FD5ACC5D979}.Release|iPhoneSimulator.ActiveCfg = Release|Any CPU
		{834C2BF9-27A2-475D-9DAF-5FD5ACC5D979}.Release|iPhoneSimulator.Build.0 = Release|Any CPU
	EndGlobalSection
	GlobalSection(SolutionProperties) = preSolution
		HideSolutionNode = FALSE
	EndGlobalSection
	GlobalSection(ExtensibilityGlobals) = postSolution
		SolutionGuid = {0EB18130-6115-4875-916A-15F7C7F021D6}
	EndGlobalSection
EndGlobal
